
Microsoft Visual Studio Solution File, Format Version 12.00
# Visual Studio Version 16
VisualStudioVersion = 16.0.31624.102
MinimumVisualStudioVersion = 10.0.40219.1
Project("{8BC9CEB8-8B4A-11D0-8D11-00A0C91BC942}") = "kernel_hide_window", "kernel_hide_window\kernel_hide_window.vcxproj", "{02BC05CD-79B4-4C0E-B664-D11177812516}"
EndProject
Project("{8BC9CEB8-8B4A-11D0-8D11-00A0C91BC942}") = "user_hide_window", "user_hide_window\user_hide_window.vcxproj", "{5E5A28F7-C184-47B6-A64C-D0B99D4995B4}"
EndProject
Global
	GlobalSection(SolutionConfigurationPlatforms) = preSolution
		Debug|ARM = Debug|ARM
		Debug|ARM64 = Debug|ARM64
		Debug|x64 = Debug|x64
		Debug|x86 = Debug|x86
		Release|ARM = Release|ARM
		Release|ARM64 = Release|ARM64
		Release|x64 = Release|x64
		Release|x86 = Release|x86
	EndGlobalSection
	GlobalSection(ProjectConfigurationPlatforms) = postSolution
		{02BC05CD-79B4-4C0E-B664-D11177812516}.Debug|ARM.ActiveCfg = Debug|ARM
		{02BC05CD-79B4-4C0E-B664-D11177812516}.Debug|ARM.Build.0 = Debug|ARM
		{02BC05CD-79B4-4C0E-B664-D11177812516}.Debug|ARM.Deploy.0 = Debug|ARM
		{02BC05CD-79B4-4C0E-B664-D11177812516}.Debug|ARM64.ActiveCfg = Debug|ARM64
		{02BC05CD-79B4-4C0E-B664-D11177812516}.Debug|ARM64.Build.0 = Debug|ARM64
		{02BC05CD-79B4-4C0E-B664-D11177812516}.Debug|ARM64.Deploy.0 = Debug|ARM64
		{02BC05CD-79B4-4C0E-B664-D11177812516}.Debug|x64.ActiveCfg = Debug|x64
		{02BC05CD-79B4-4C0E-B664-D11177812516}.Debug|x64.Build.0 = Debug|x64
		{02BC05CD-79B4-4C0E-B664-D11177812516}.Debug|x64.Deploy.0 = Debug|x64
		{02BC05CD-79B4-4C0E-B664-D11177812516}.Debug|x86.ActiveCfg = Debug|Win32
		{02BC05CD-79B4-4C0E-B664-D11177812516}.Debug|x86.Build.0 = Debug|Win32
		{02BC05CD-79B4-4C0E-B664-D11177812516}.Debug|x86.Deploy.0 = Debug|Win32
		{02BC05CD-79B4-4C0E-B664-D11177812516}.Release|ARM.ActiveCfg = Release|ARM
		{02BC05CD-79B4-4C0E-B664-D11177812516}.Release|ARM.Build.0 = Release|ARM
		{02BC05CD-79B4-4C0E-B664-D11177812516}.Release|ARM.Deploy.0 = Release|ARM
		{02BC05CD-79B4-4C0E-B664-D11177812516}.Release|ARM64.ActiveCfg = Release|ARM64
		{02BC05CD-79B4-4C0E-B664-D11177812516}.Release|ARM64.Build.0 = Release|ARM64
		{02BC05CD-79B4-4C0E-B664-D11177812516}.Release|ARM64.Deploy.0 = Release|ARM64
		{02BC05CD-79B4-4C0E-B664-D11177812516}.Release|x64.ActiveCfg = Release|x64
		{02BC05CD-79B4-4C0E-B664-D11177812516}.Release|x64.Build.0 = Release|x64
		{02BC05CD-79B4-4C0E-B664-D11177812516}.Release|x64.Deploy.0 = Release|x64
		{02BC05CD-79B4-4C0E-B664-D11177812516}.Release|x86.ActiveCfg = Release|Win32
		{02BC05CD-79B4-4C0E-B664-D11177812516}.Release|x86.Build.0 = Release|Win32
		{02BC05CD-79B4-4C0E-B664-D11177812516}.Release|x86.Deploy.0 = Release|Win32
		{5E5A28F7-C184-47B6-A64C-D0B99D4995B4}.Debug|ARM.ActiveCfg = Debug|Win32
		{5E5A28F7-C184-47B6-A64C-D0B99D4995B4}.Debug|ARM64.ActiveCfg = Debug|Win32
		{5E5A28F7-C184-47B6-A64C-D0B99D4995B4}.Debug|x64.ActiveCfg = Debug|x64
		{5E5A28F7-C184-47B6-A64C-D0B99D4995B4}.Debug|x64.Build.0 = Debug|x64
		{5E5A28F7-C184-47B6-A64C-D0B99D4995B4}.Debug|x86.ActiveCfg = Debug|Win32
		{5E5A28F7-C184-47B6-A64C-D0B99D4995B4}.Debug|x86.Build.0 = Debug|Win32
		{5E5A28F7-C184-47B6-A64C-D0B99D4995B4}.Release|ARM.ActiveCfg = Release|Win32
		{5E5A28F7-C184-47B6-A64C-D0B99D4995B4}.Release|ARM64.ActiveCfg = Release|Win32
		{5E5A28F7-C184-47B6-A64C-D0B99D4995B4}.Release|x64.ActiveCfg = Release|x64
		{5E5A28F7-C184-47B6-A64C-D0B99D4995B4}.Release|x64.Build.0 = Release|x64
		{5E5A28F7-C184-47B6-A64C-D0B99D4995B4}.Release|x86.ActiveCfg = Release|Win32
		{5E5A28F7-C184-47B6-A64C-D0B99D4995B4}.Release|x86.Build.0 = Release|Win32
	EndGlobalSection
	GlobalSection(SolutionProperties) = preSolution
		HideSolutionNode = FALSE
	EndGlobalSection
	GlobalSection(ExtensibilityGlobals) = postSolution
		SolutionGuid = {0F7A2C99-0453-4AEE-8F85-2F0B5A8A0C2B}
	EndGlobalSection
EndGlobal
